
Microsoft Visual Studio Solution File, Format Version 12.00
# Visual Studio Version 17
VisualStudioVersion = 17.0.31903.59
MinimumVisualStudioVersion = 10.0.40219.1
Project("{FAE04EC0-301F-11D3-BF4B-00C04F79EFBC}") = "ServiceBusClient", "ServiceBusClient\ServiceBusClient.csproj", "{CEA56CB4-077F-4E93-A4C4-0C25B715F6FF}"
EndProject
Global
	GlobalSection(SolutionConfigurationPlatforms) = preSolution
		Debug|Any CPU = Debug|Any CPU
		Release|Any CPU = Release|Any CPU
	EndGlobalSection
	GlobalSection(ProjectConfigurationPlatforms) = postSolution
		{CEA56CB4-077F-4E93-A4C4-0C25B715F6FF}.Debug|Any CPU.ActiveCfg = Debug|Any CPU
		{CEA56CB4-077F-4E93-A4C4-0C25B715F6FF}.Debug|Any CPU.Build.0 = Debug|Any CPU
		{CEA56CB4-077F-4E93-A4C4-0C25B715F6FF}.Release|Any CPU.ActiveCfg = Release|Any CPU
		{CEA56CB4-077F-4E93-A4C4-0C25B715F6FF}.Release|Any CPU.Build.0 = Release|Any CPU
	EndGlobalSection
	GlobalSection(SolutionProperties) = preSolution
		HideSolutionNode = FALSE
	EndGlobalSection
	GlobalSection(ExtensibilityGlobals) = postSolution
		SolutionGuid = {158A02E9-1D7E-46C3-B75E-11D64845D857}
	EndGlobalSection
EndGlobal
